
Microsoft Visual Studio Solution File, Format Version 11.00
# Visual Studio 2010
Project("{FAE04EC0-301F-11D3-BF4B-00C04F79EFBC}") = "Evil is Good", "Assembly-CSharp.csproj", "{3C1289F1-BDE6-1300-87C2-EA7E8B0569F6}"
EndProject
Project("{FAE04EC0-301F-11D3-BF4B-00C04F79EFBC}") = "Evil is Good", "Assembly-CSharp-Editor.csproj", "{11E1D8BC-47A5-3B28-0C7A-078C1153559E}"
EndProject
Global
	GlobalSection(SolutionConfigurationPlatforms) = preSolution
		Debug|Any CPU = Debug|Any CPU
		Release|Any CPU = Release|Any CPU
	EndGlobalSection
	GlobalSection(ProjectConfigurationPlatforms) = postSolution
		{3C1289F1-BDE6-1300-87C2-EA7E8B0569F6}.Debug|Any CPU.ActiveCfg = Debug|Any CPU
		{3C1289F1-BDE6-1300-87C2-EA7E8B0569F6}.Debug|Any CPU.Build.0 = Debug|Any CPU
		{3C1289F1-BDE6-1300-87C2-EA7E8B0569F6}.Release|Any CPU.ActiveCfg = Release|Any CPU
		{3C1289F1-BDE6-1300-87C2-EA7E8B0569F6}.Release|Any CPU.Build.0 = Release|Any CPU
		{11E1D8BC-47A5-3B28-0C7A-078C1153559E}.Debug|Any CPU.ActiveCfg = Debug|Any CPU
		{11E1D8BC-47A5-3B28-0C7A-078C1153559E}.Debug|Any CPU.Build.0 = Debug|Any CPU
		{11E1D8BC-47A5-3B28-0C7A-078C1153559E}.Release|Any CPU.ActiveCfg = Release|Any CPU
		{11E1D8BC-47A5-3B28-0C7A-078C1153559E}.Release|Any CPU.Build.0 = Release|Any CPU
	EndGlobalSection
	GlobalSection(SolutionProperties) = preSolution
		HideSolutionNode = FALSE
	EndGlobalSection
	GlobalSection(MonoDevelopProperties) = preSolution
		StartupItem = Assembly-CSharp.csproj
	EndGlobalSection
EndGlobal
